// !$*UTF8*$!
{
	archiveVersion = 1;
	classes = {
	};
	objectVersion = 48;
	objects = {

/* Begin PBXBuildFile section */
		3F2774291F90C391006ABBF1 /* TableViewController.swift in Sources */ = {isa = PBXBuildFile; fileRef = 3F2774281F90C391006ABBF1 /* TableViewController.swift */; };
		3F27742B1F90CD28006ABBF1 /* AddNewRecordViewController.swift in Sources */ = {isa = PBXBuildFile; fileRef = 3F27742A1F90CD28006ABBF1 /* AddNewRecordViewController.swift */; };
		3F2774301F912074006ABBF1 /* QueryService.swift in Sources */ = {isa = PBXBuildFile; fileRef = 3F27742F1F912074006ABBF1 /* QueryService.swift */; };
		3F7302951F8E1DC70013EB8F /* AppDelegate.swift in Sources */ = {isa = PBXBuildFile; fileRef = 3F7302941F8E1DC70013EB8F /* AppDelegate.swift */; };
		3F7302971F8E1DC70013EB8F /* ViewController.swift in Sources */ = {isa = PBXBuildFile; fileRef = 3F7302961F8E1DC70013EB8F /* ViewController.swift */; };
		3F73029A1F8E1DC70013EB8F /* Main.storyboard in Resources */ = {isa = PBXBuildFile; fileRef = 3F7302981F8E1DC70013EB8F /* Main.storyboard */; };
		3F73029C1F8E1DC70013EB8F /* Assets.xcassets in Resources */ = {isa = PBXBuildFile; fileRef = 3F73029B1F8E1DC70013EB8F /* Assets.xcassets */; };
		3F73029F1F8E1DC70013EB8F /* LaunchScreen.storyboard in Resources */ = {isa = PBXBuildFile; fileRef = 3F73029D1F8E1DC70013EB8F /* LaunchScreen.storyboard */; };
		3FBC60781F90BC3F0073CE96 /* Records.swift in Sources */ = {isa = PBXBuildFile; fileRef = 3FBC60771F90BC3F0073CE96 /* Records.swift */; };
/* End PBXBuildFile section */

/* Begin PBXFileReference section */
		3F2774281F90C391006ABBF1 /* TableViewController.swift */ = {isa = PBXFileReference; lastKnownFileType = sourcecode.swift; path = TableViewController.swift; sourceTree = "<group>"; };
		3F27742A1F90CD28006ABBF1 /* AddNewRecordViewController.swift */ = {isa = PBXFileReference; lastKnownFileType = sourcecode.swift; path = AddNewRecordViewController.swift; sourceTree = "<group>"; };
		3F27742F1F912074006ABBF1 /* QueryService.swift */ = {isa = PBXFileReference; lastKnownFileType = sourcecode.swift; path = QueryService.swift; sourceTree = "<group>"; };
		3F7302911F8E1DC70013EB8F /* dTapi.app */ = {isa = PBXFileReference; explicitFileType = wrapper.application; includeInIndex = 0; path = dTapi.app; sourceTree = BUILT_PRODUCTS_DIR; };
		3F7302941F8E1DC70013EB8F /* AppDelegate.swift */ = {isa = PBXFileReference; lastKnownFileType = sourcecode.swift; path = AppDelegate.swift; sourceTree = "<group>"; };
		3F7302961F8E1DC70013EB8F /* ViewController.swift */ = {isa = PBXFileReference; fileEncoding = 4; lastKnownFileType = sourcecode.swift; path = ViewController.swift; sourceTree = "<group>"; };
		3F7302991F8E1DC70013EB8F /* Base */ = {isa = PBXFileReference; lastKnownFileType = file.storyboard; name = Base; path = Base.lproj/Main.storyboard; sourceTree = "<group>"; };
		3F73029B1F8E1DC70013EB8F /* Assets.xcassets */ = {isa = PBXFileReference; lastKnownFileType = folder.assetcatalog; path = Assets.xcassets; sourceTree = "<group>"; };
		3F73029E1F8E1DC70013EB8F /* Base */ = {isa = PBXFileReference; lastKnownFileType = file.storyboard; name = Base; path = Base.lproj/LaunchScreen.storyboard; sourceTree = "<group>"; };
		3F7302A01F8E1DC70013EB8F /* Info.plist */ = {isa = PBXFileReference; lastKnownFileType = text.plist.xml; path = Info.plist; sourceTree = "<group>"; };
		3FBC60771F90BC3F0073CE96 /* Records.swift */ = {isa = PBXFileReference; lastKnownFileType = sourcecode.swift; path = Records.swift; sourceTree = "<group>"; };
/* End PBXFileReference section */

/* Begin PBXFrameworksBuildPhase section */
		3F73028E1F8E1DC70013EB8F /* Frameworks */ = {
			isa = PBXFrameworksBuildPhase;
			buildActionMask = 2147483647;
			files = (
			);
			runOnlyForDeploymentPostprocessing = 0;
		};
/* End PBXFrameworksBuildPhase section */

/* Begin PBXGroup section */
		3F27742C1F911F7B006ABBF1 /* Supporting files */ = {
			isa = PBXGroup;
			children = (
				3F7302941F8E1DC70013EB8F /* AppDelegate.swift */,
				3F73029B1F8E1DC70013EB8F /* Assets.xcassets */,
				3F73029D1F8E1DC70013EB8F /* LaunchScreen.storyboard */,
			);
			path = "Supporting files";
			sourceTree = "<group>";
		};
		3F27742D1F911FCB006ABBF1 /* Controller */ = {
			isa = PBXGroup;
			children = (
				3F7302961F8E1DC70013EB8F /* ViewController.swift */,
				3F2774281F90C391006ABBF1 /* TableViewController.swift */,
				3F27742A1F90CD28006ABBF1 /* AddNewRecordViewController.swift */,
			);
			path = Controller;
			sourceTree = "<group>";
		};
		3F27742E1F911FDA006ABBF1 /* Model */ = {
			isa = PBXGroup;
			children = (
				3FBC60771F90BC3F0073CE96 /* Records.swift */,
			);
			path = Model;
			sourceTree = "<group>";
		};
		3F2774311F912081006ABBF1 /* Network */ = {
			isa = PBXGroup;
			children = (
				3F27742F1F912074006ABBF1 /* QueryService.swift */,
			);
			path = Network;
			sourceTree = "<group>";
		};
		3F7302881F8E1DC70013EB8F = {
			isa = PBXGroup;
			children = (
				3F7302931F8E1DC70013EB8F /* dTapi */,
				3F7302921F8E1DC70013EB8F /* Products */,
			);
			sourceTree = "<group>";
		};
		3F7302921F8E1DC70013EB8F /* Products */ = {
			isa = PBXGroup;
			children = (
				3F7302911F8E1DC70013EB8F /* dTapi.app */,
			);
			name = Products;
			sourceTree = "<group>";
		};
		3F7302931F8E1DC70013EB8F /* dTapi */ = {
			isa = PBXGroup;
			children = (
				3F7302A01F8E1DC70013EB8F /* Info.plist */,
				3F7302981F8E1DC70013EB8F /* Main.storyboard */,
				3F2774311F912081006ABBF1 /* Network */,
				3F27742C1F911F7B006ABBF1 /* Supporting files */,
				3F27742D1F911FCB006ABBF1 /* Controller */,
				3F27742E1F911FDA006ABBF1 /* Model */,
			);
			path = dTapi;
			sourceTree = "<group>";
		};
/* End PBXGroup section */

/* Begin PBXNativeTarget section */
		3F7302901F8E1DC70013EB8F /* dTapi */ = {
			isa = PBXNativeTarget;
			buildConfigurationList = 3F7302A31F8E1DC70013EB8F /* Build configuration list for PBXNativeTarget "dTapi" */;
			buildPhases = (
				3F73028D1F8E1DC70013EB8F /* Sources */,
				3F73028E1F8E1DC70013EB8F /* Frameworks */,
				3F73028F1F8E1DC70013EB8F /* Resources */,
			);
			buildRules = (
			);
			dependencies = (
			);
			name = dTapi;
			productName = dTapi;
			productReference = 3F7302911F8E1DC70013EB8F /* dTapi.app */;
			productType = "com.apple.product-type.application";
		};
/* End PBXNativeTarget section */

/* Begin PBXProject section */
		3F7302891F8E1DC70013EB8F /* Project object */ = {
			isa = PBXProject;
			attributes = {
				LastSwiftUpdateCheck = 0900;
				LastUpgradeCheck = 0900;
				ORGANIZATIONNAME = "Alina Protsyuk";
				TargetAttributes = {
					3F7302901F8E1DC70013EB8F = {
						CreatedOnToolsVersion = 9.0;
						ProvisioningStyle = Automatic;
					};
				};
			};
			buildConfigurationList = 3F73028C1F8E1DC70013EB8F /* Build configuration list for PBXProject "dTapi" */;
			compatibilityVersion = "Xcode 8.0";
			developmentRegion = en;
			hasScannedForEncodings = 0;
			knownRegions = (
				en,
				Base,
			);
			mainGroup = 3F7302881F8E1DC70013EB8F;
			productRefGroup = 3F7302921F8E1DC70013EB8F /* Products */;
			projectDirPath = "";
			projectRoot = "";
			targets = (
				3F7302901F8E1DC70013EB8F /* dTapi */,
			);
		};
/* End PBXProject section */

/* Begin PBXResourcesBuildPhase section */
		3F73028F1F8E1DC70013EB8F /* Resources */ = {
			isa = PBXResourcesBuildPhase;
			buildActionMask = 2147483647;
			files = (
				3F73029F1F8E1DC70013EB8F /* LaunchScreen.storyboard in Resources */,
				3F73029C1F8E1DC70013EB8F /* Assets.xcassets in Resources */,
				3F73029A1F8E1DC70013EB8F /* Main.storyboard in Resources */,
			);
			runOnlyForDeploymentPostprocessing = 0;
		};
/* End PBXResourcesBuildPhase section */

/* Begin PBXSourcesBuildPhase section */
		3F73028D1F8E1DC70013EB8F /* Sources */ = {
			isa = PBXSourcesBuildPhase;
			buildActionMask = 2147483647;
			files = (
				3F7302971F8E1DC70013EB8F /* ViewController.swift in Sources */,
				3FBC60781F90BC3F0073CE96 /* Records.swift in Sources */,
				3F2774291F90C391006ABBF1 /* TableViewController.swift in Sources */,
				3F27742B1F90CD28006ABBF1 /* AddNewRecordViewController.swift in Sources */,
				3F2774301F912074006ABBF1 /* QueryService.swift in Sources */,
				3F7302951F8E1DC70013EB8F /* AppDelegate.swift in Sources */,
			);
			runOnlyForDeploymentPostprocessing = 0;
		};
/* End PBXSourcesBuildPhase section */

/* Begin PBXVariantGroup section */
		3F7302981F8E1DC70013EB8F /* Main.storyboard */ = {
			isa = PBXVariantGroup;
			children = (
				3F7302991F8E1DC70013EB8F /* Base */,
			);
			name = Main.storyboard;
			sourceTree = "<group>";
		};
		3F73029D1F8E1DC70013EB8F /* LaunchScreen.storyboard */ = {
			isa = PBXVariantGroup;
			children = (
				3F73029E1F8E1DC70013EB8F /* Base */,
			);
			name = LaunchScreen.storyboard;
			sourceTree = "<group>";
		};
/* End PBXVariantGroup section */

/* Begin XCBuildConfiguration section */
		3F7302A11F8E1DC70013EB8F /* Debug */ = {
			isa = XCBuildConfiguration;
			buildSettings = {
				ALWAYS_SEARCH_USER_PATHS = NO;
				CLANG_ANALYZER_NONNULL = YES;
				CLANG_ANALYZER_NUMBER_OBJECT_CONVERSION = YES_AGGRESSIVE;
				CLANG_CXX_LANGUAGE_STANDARD = "gnu++14";
				CLANG_CXX_LIBRARY = "libc++";
				CLANG_ENABLE_MODULES = YES;
				CLANG_ENABLE_OBJC_ARC = YES;
				CLANG_WARN_BLOCK_CAPTURE_AUTORELEASING = YES;
				CLANG_WARN_BOOL_CONVERSION = YES;
				CLANG_WARN_COMMA = YES;
				CLANG_WARN_CONSTANT_CONVERSION = YES;
				CLANG_WARN_DIRECT_OBJC_ISA_USAGE = YES_ERROR;
				CLANG_WARN_DOCUMENTATION_COMMENTS = YES;
				CLANG_WARN_EMPTY_BODY = YES;
				CLANG_WARN_ENUM_CONVERSION = YES;
				CLANG_WARN_INFINITE_RECURSION = YES;
				CLANG_WARN_INT_CONVERSION = YES;
				CLANG_WARN_NON_LITERAL_NULL_CONVERSION = YES;
				CLANG_WARN_OBJC_LITERAL_CONVERSION = YES;
				CLANG_WARN_OBJC_ROOT_CLASS = YES_ERROR;
				CLANG_WARN_RANGE_LOOP_ANALYSIS = YES;
				CLANG_WARN_STRICT_PROTOTYPES = YES;
				CLANG_WARN_SUSPICIOUS_MOVE = YES;
				CLANG_WARN_UNGUARDED_AVAILABILITY = YES_AGGRESSIVE;
				CLANG_WARN_UNREACHABLE_CODE = YES;
				CLANG_WARN__DUPLICATE_METHOD_MATCH = YES;
				CODE_SIGN_IDENTITY = "iPhone Developer";
				COPY_PHASE_STRIP = NO;
				DEBUG_INFORMATION_FORMAT = dwarf;
				ENABLE_STRICT_OBJC_MSGSEND = YES;
				ENABLE_TESTABILITY = YES;
				GCC_C_LANGUAGE_STANDARD = gnu11;
				GCC_DYNAMIC_NO_PIC = NO;
				GCC_NO_COMMON_BLOCKS = YES;
				GCC_OPTIMIZATION_LEVEL = 0;
				GCC_PREPROCESSOR_DEFINITIONS = (
					"DEBUG=1",
					"$(inherited)",
				);
				GCC_WARN_64_TO_32_BIT_CONVERSION = YES;
				GCC_WARN_ABOUT_RETURN_TYPE = YES_ERROR;
				GCC_WARN_UNDECLARED_SELECTOR = YES;
				GCC_WARN_UNINITIALIZED_AUTOS = YES_AGGRESSIVE;
				GCC_WARN_UNUSED_FUNCTION = YES;
				GCC_WARN_UNUSED_VARIABLE = YES;
				IPHONEOS_DEPLOYMENT_TARGET = 11.0;
				MTL_ENABLE_DEBUG_INFO = YES;
				ONLY_ACTIVE_ARCH = YES;
				SDKROOT = iphoneos;
				SWIFT_ACTIVE_COMPILATION_CONDITIONS = DEBUG;
				SWIFT_OPTIMIZATION_LEVEL = "-Onone";
			};
			name = Debug;
		};
		3F7302A21F8E1DC70013EB8F /* Release */ = {
			isa = XCBuildConfiguration;
			buildSettings = {
				ALWAYS_SEARCH_USER_PATHS = NO;
				CLANG_ANALYZER_NONNULL = YES;
				CLANG_ANALYZER_NUMBER_OBJECT_CONVERSION = YES_AGGRESSIVE;
				CLANG_CXX_LANGUAGE_STANDARD = "gnu++14";
				CLANG_CXX_LIBRARY = "libc++";
				CLANG_ENABLE_MODULES = YES;
				CLANG_ENABLE_OBJC_ARC = YES;
				CLANG_WARN_BLOCK_CAPTURE_AUTORELEASING = YES;
				CLANG_WARN_BOOL_CONVERSION = YES;
				CLANG_WARN_COMMA = YES;
				CLANG_WARN_CONSTANT_CONVERSION = YES;
				CLANG_WARN_DIRECT_OBJC_ISA_USAGE = YES_ERROR;
				CLANG_WARN_DOCUMENTATION_COMMENTS = YES;
				CLANG_WARN_EMPTY_BODY = YES;
				CLANG_WARN_ENUM_CONVERSION = YES;
				CLANG_WARN_INFINITE_RECURSION = YES;
				CLANG_WARN_INT_CONVERSION = YES;
				CLANG_WARN_NON_LITERAL_NULL_CONVERSION = YES;
				CLANG_WARN_OBJC_LITERAL_CONVERSION = YES;
				CLANG_WARN_OBJC_ROOT_CLASS = YES_ERROR;
				CLANG_WARN_RANGE_LOOP_ANALYSIS = YES;
				CLANG_WARN_STRICT_PROTOTYPES = YES;
				CLANG_WARN_SUSPICIOUS_MOVE = YES;
				CLANG_WARN_UNGUARDED_AVAILABILITY = YES_AGGRESSIVE;
				CLANG_WARN_UNREACHABLE_CODE = YES;
				CLANG_WARN__DUPLICATE_METHOD_MATCH = YES;
				CODE_SIGN_IDENTITY = "iPhone Developer";
				COPY_PHASE_STRIP = NO;
				DEBUG_INFORMATION_FORMAT = "dwarf-with-dsym";
				ENABLE_NS_ASSERTIONS = NO;
				ENABLE_STRICT_OBJC_MSGSEND = YES;
				GCC_C_LANGUAGE_STANDARD = gnu11;
				GCC_NO_COMMON_BLOCKS = YES;
				GCC_WARN_64_TO_32_BIT_CONVERSION = YES;
				GCC_WARN_ABOUT_RETURN_TYPE = YES_ERROR;
				GCC_WARN_UNDECLARED_SELECTOR = YES;
				GCC_WARN_UNINITIALIZED_AUTOS = YES_AGGRESSIVE;
				GCC_WARN_UNUSED_FUNCTION = YES;
				GCC_WARN_UNUSED_VARIABLE = YES;
				IPHONEOS_DEPLOYMENT_TARGET = 11.0;
				MTL_ENABLE_DEBUG_INFO = NO;
				SDKROOT = iphoneos;
				SWIFT_OPTIMIZATION_LEVEL = "-Owholemodule";
				VALIDATE_PRODUCT = YES;
			};
			name = Release;
		};
		3F7302A41F8E1DC70013EB8F /* Debug */ = {
			isa = XCBuildConfiguration;
			buildSettings = {
				ASSETCATALOG_COMPILER_APPICON_NAME = AppIcon;
				CODE_SIGN_STYLE = Automatic;
				INFOPLIST_FILE = dTapi/Info.plist;
				LD_RUNPATH_SEARCH_PATHS = "$(inherited) @executable_path/Frameworks";
				PRODUCT_BUNDLE_IDENTIFIER = com.alina.dTapi;
				PRODUCT_NAME = "$(TARGET_NAME)";
				SWIFT_VERSION = 4.0;
				TARGETED_DEVICE_FAMILY = "1,2";
			};
			name = Debug;
		};
		3F7302A51F8E1DC70013EB8F /* Release */ = {
			isa = XCBuildConfiguration;
			buildSettings = {
				ASSETCATALOG_COMPILER_APPICON_NAME = AppIcon;
				CODE_SIGN_STYLE = Automatic;
				INFOPLIST_FILE = dTapi/Info.plist;
				LD_RUNPATH_SEARCH_PATHS = "$(inherited) @executable_path/Frameworks";
				PRODUCT_BUNDLE_IDENTIFIER = com.alina.dTapi;
				PRODUCT_NAME = "$(TARGET_NAME)";
				SWIFT_VERSION = 4.0;
				TARGETED_DEVICE_FAMILY = "1,2";
			};
			name = Release;
		};
/* End XCBuildConfiguration section */

/* Begin XCConfigurationList section */
		3F73028C1F8E1DC70013EB8F /* Build configuration list for PBXProject "dTapi" */ = {
			isa = XCConfigurationList;
			buildConfigurations = (
				3F7302A11F8E1DC70013EB8F /* Debug */,
				3F7302A21F8E1DC70013EB8F /* Release */,
			);
			defaultConfigurationIsVisible = 0;
			defaultConfigurationName = Release;
		};
		3F7302A31F8E1DC70013EB8F /* Build configuration list for PBXNativeTarget "dTapi" */ = {
			isa = XCConfigurationList;
			buildConfigurations = (
				3F7302A41F8E1DC70013EB8F /* Debug */,
				3F7302A51F8E1DC70013EB8F /* Release */,
			);
			defaultConfigurationIsVisible = 0;
			defaultConfigurationName = Release;
		};
/* End XCConfigurationList section */
	};
	rootObject = 3F7302891F8E1DC70013EB8F /* Project object */;
}
